packages:
- package: dbt-labs/audit_helper
  name: audit_helper
  version: 0.13.0
- package: dbt-labs/codegen
  name: codegen
  version: 0.14.1
- package: brooklyn-data/dbt_artifacts
  name: dbt_artifacts
  version: 2.10.1
- package: dbt-labs/dbt_utils
  name: dbt_utils
  version: 1.3.3
sha1_hash: 2aec8d8e70d9bb3bb883b8b9063358d29e956acc
